
Microsoft Visual Studio Solution File, Format Version 12.00
# Visual Studio 2012
Project("{FAE04EC0-301F-11D3-BF4B-00C04F79EFBC}") = "GiftCardAngular", "GiftCardAngular\GiftCardAngular.csproj", "{A6B262A4-8221-4927-8181-B45EBCCAC966}"
EndProject
Project("{FAE04EC0-301F-11D3-BF4B-00C04F79EFBC}") = "GiftCardAngular.Data", "GiftCardAngular.Data\GiftCardAngular.Data.csproj", "{D234AB86-159C-442F-A482-811750A381EA}"
EndProject
Global
	GlobalSection(SolutionConfigurationPlatforms) = preSolution
		Debug|Any CPU = Debug|Any CPU
		Release|Any CPU = Release|Any CPU
	EndGlobalSection
	GlobalSection(ProjectConfigurationPlatforms) = postSolution
		{A6B262A4-8221-4927-8181-B45EBCCAC966}.Debug|Any CPU.ActiveCfg = Debug|Any CPU
		{A6B262A4-8221-4927-8181-B45EBCCAC966}.Debug|Any CPU.Build.0 = Debug|Any CPU
		{A6B262A4-8221-4927-8181-B45EBCCAC966}.Release|Any CPU.ActiveCfg = Release|Any CPU
		{A6B262A4-8221-4927-8181-B45EBCCAC966}.Release|Any CPU.Build.0 = Release|Any CPU
		{D234AB86-159C-442F-A482-811750A381EA}.Debug|Any CPU.ActiveCfg = Debug|Any CPU
		{D234AB86-159C-442F-A482-811750A381EA}.Debug|Any CPU.Build.0 = Debug|Any CPU
		{D234AB86-159C-442F-A482-811750A381EA}.Release|Any CPU.ActiveCfg = Release|Any CPU
		{D234AB86-159C-442F-A482-811750A381EA}.Release|Any CPU.Build.0 = Release|Any CPU
	EndGlobalSection
	GlobalSection(SolutionProperties) = preSolution
		HideSolutionNode = FALSE
	EndGlobalSection
EndGlobal
